// !$*UTF8*$!
{
	archiveVersion = 1;
	classes = {
	};
	objectVersion = 50;
	objects = {

/* Begin PBXBuildFile section */
		0F5C32C12413FC10009FEFC2 /* AppDelegate.swift in Sources */ = {isa = PBXBuildFile; fileRef = 0F5C32C02413FC10009FEFC2 /* AppDelegate.swift */; };
		0F5C32C32413FC10009FEFC2 /* SceneDelegate.swift in Sources */ = {isa = PBXBuildFile; fileRef = 0F5C32C22413FC10009FEFC2 /* SceneDelegate.swift */; };
		0F5C32C52413FC10009FEFC2 /* ViewController.swift in Sources */ = {isa = PBXBuildFile; fileRef = 0F5C32C42413FC10009FEFC2 /* ViewController.swift */; };
		0F5C32C82413FC10009FEFC2 /* Main.storyboard in Resources */ = {isa = PBXBuildFile; fileRef = 0F5C32C62413FC10009FEFC2 /* Main.storyboard */; };
		0F5C32CA2413FC11009FEFC2 /* Assets.xcassets in Resources */ = {isa = PBXBuildFile; fileRef = 0F5C32C92413FC11009FEFC2 /* Assets.xcassets */; };
		0F5C32CD2413FC11009FEFC2 /* LaunchScreen.storyboard in Resources */ = {isa = PBXBuildFile; fileRef = 0F5C32CB2413FC11009FEFC2 /* LaunchScreen.storyboard */; };
		0F5C32D524140603009FEFC2 /* Temperature.swift in Sources */ = {isa = PBXBuildFile; fileRef = 0F5C32D424140603009FEFC2 /* Temperature.swift */; };
		0F5C32D7241406D0009FEFC2 /* TemperatureDataController.swift in Sources */ = {isa = PBXBuildFile; fileRef = 0F5C32D6241406D0009FEFC2 /* TemperatureDataController.swift */; };
		0FDFD9A42416CF3E00C23172 /* cityInfo.swift in Sources */ = {isa = PBXBuildFile; fileRef = 0FDFD9A32416CF3E00C23172 /* cityInfo.swift */; };
/* End PBXBuildFile section */

/* Begin PBXFileReference section */
		0F5C32BD2413FC10009FEFC2 /* Twin Cities.app */ = {isa = PBXFileReference; explicitFileType = wrapper.application; includeInIndex = 0; path = "Twin Cities.app"; sourceTree = BUILT_PRODUCTS_DIR; };
		0F5C32C02413FC10009FEFC2 /* AppDelegate.swift */ = {isa = PBXFileReference; lastKnownFileType = sourcecode.swift; path = AppDelegate.swift; sourceTree = "<group>"; };
		0F5C32C22413FC10009FEFC2 /* SceneDelegate.swift */ = {isa = PBXFileReference; lastKnownFileType = sourcecode.swift; path = SceneDelegate.swift; sourceTree = "<group>"; };
		0F5C32C42413FC10009FEFC2 /* ViewController.swift */ = {isa = PBXFileReference; lastKnownFileType = sourcecode.swift; path = ViewController.swift; sourceTree = "<group>"; };
		0F5C32C72413FC10009FEFC2 /* Base */ = {isa = PBXFileReference; lastKnownFileType = file.storyboard; name = Base; path = Base.lproj/Main.storyboard; sourceTree = "<group>"; };
		0F5C32C92413FC11009FEFC2 /* Assets.xcassets */ = {isa = PBXFileReference; lastKnownFileType = folder.assetcatalog; path = Assets.xcassets; sourceTree = "<group>"; };
		0F5C32CC2413FC11009FEFC2 /* Base */ = {isa = PBXFileReference; lastKnownFileType = file.storyboard; name = Base; path = Base.lproj/LaunchScreen.storyboard; sourceTree = "<group>"; };
		0F5C32CE2413FC11009FEFC2 /* Info.plist */ = {isa = PBXFileReference; lastKnownFileType = text.plist.xml; path = Info.plist; sourceTree = "<group>"; };
		0F5C32D424140603009FEFC2 /* Temperature.swift */ = {isa = PBXFileReference; lastKnownFileType = sourcecode.swift; path = Temperature.swift; sourceTree = "<group>"; };
		0F5C32D6241406D0009FEFC2 /* TemperatureDataController.swift */ = {isa = PBXFileReference; lastKnownFileType = sourcecode.swift; path = TemperatureDataController.swift; sourceTree = "<group>"; };
		0FDFD9A32416CF3E00C23172 /* cityInfo.swift */ = {isa = PBXFileReference; lastKnownFileType = sourcecode.swift; path = cityInfo.swift; sourceTree = "<group>"; };
/* End PBXFileReference section */

/* Begin PBXFrameworksBuildPhase section */
		0F5C32BA2413FC10009FEFC2 /* Frameworks */ = {
			isa = PBXFrameworksBuildPhase;
			buildActionMask = 2147483647;
			files = (
			);
			runOnlyForDeploymentPostprocessing = 0;
		};
/* End PBXFrameworksBuildPhase section */

/* Begin PBXGroup section */
		0F5C32B42413FC10009FEFC2 = {
			isa = PBXGroup;
			children = (
				0F5C32BF2413FC10009FEFC2 /* Twin Cities */,
				0F5C32BE2413FC10009FEFC2 /* Products */,
			);
			sourceTree = "<group>";
		};
		0F5C32BE2413FC10009FEFC2 /* Products */ = {
			isa = PBXGroup;
			children = (
				0F5C32BD2413FC10009FEFC2 /* Twin Cities.app */,
			);
			name = Products;
			sourceTree = "<group>";
		};
		0F5C32BF2413FC10009FEFC2 /* Twin Cities */ = {
			isa = PBXGroup;
			children = (
				0F5C32C02413FC10009FEFC2 /* AppDelegate.swift */,
				0F5C32C22413FC10009FEFC2 /* SceneDelegate.swift */,
				0F5C32C42413FC10009FEFC2 /* ViewController.swift */,
				0FDFD9A32416CF3E00C23172 /* cityInfo.swift */,
				0F5C32C62413FC10009FEFC2 /* Main.storyboard */,
				0F5C32D424140603009FEFC2 /* Temperature.swift */,
				0F5C32D6241406D0009FEFC2 /* TemperatureDataController.swift */,
				0F5C32C92413FC11009FEFC2 /* Assets.xcassets */,
				0F5C32CB2413FC11009FEFC2 /* LaunchScreen.storyboard */,
				0F5C32CE2413FC11009FEFC2 /* Info.plist */,
			);
			path = "Twin Cities";
			sourceTree = "<group>";
		};
/* End PBXGroup section */

/* Begin PBXNativeTarget section */
		0F5C32BC2413FC10009FEFC2 /* Twin Cities */ = {
			isa = PBXNativeTarget;
			buildConfigurationList = 0F5C32D12413FC11009FEFC2 /* Build configuration list for PBXNativeTarget "Twin Cities" */;
			buildPhases = (
				0F5C32B92413FC10009FEFC2 /* Sources */,
				0F5C32BA2413FC10009FEFC2 /* Frameworks */,
				0F5C32BB2413FC10009FEFC2 /* Resources */,
			);
			buildRules = (
			);
			dependencies = (
			);
			name = "Twin Cities";
			productName = "Twin Cities";
			productReference = 0F5C32BD2413FC10009FEFC2 /* Twin Cities.app */;
			productType = "com.apple.product-type.application";
		};
/* End PBXNativeTarget section */

/* Begin PBXProject section */
		0F5C32B52413FC10009FEFC2 /* Project object */ = {
			isa = PBXProject;
			attributes = {
				LastSwiftUpdateCheck = 1130;
				LastUpgradeCheck = 1130;
				ORGANIZATIONNAME = "Elsa Roeber";
				TargetAttributes = {
					0F5C32BC2413FC10009FEFC2 = {
						CreatedOnToolsVersion = 11.3;
					};
				};
			};
			buildConfigurationList = 0F5C32B82413FC10009FEFC2 /* Build configuration list for PBXProject "Twin Cities" */;
			compatibilityVersion = "Xcode 9.3";
			developmentRegion = en;
			hasScannedForEncodings = 0;
			knownRegions = (
				en,
				Base,
			);
			mainGroup = 0F5C32B42413FC10009FEFC2;
			productRefGroup = 0F5C32BE2413FC10009FEFC2 /* Products */;
			projectDirPath = "";
			projectRoot = "";
			targets = (
				0F5C32BC2413FC10009FEFC2 /* Twin Cities */,
			);
		};
/* End PBXProject section */

/* Begin PBXResourcesBuildPhase section */
		0F5C32BB2413FC10009FEFC2 /* Resources */ = {
			isa = PBXResourcesBuildPhase;
			buildActionMask = 2147483647;
			files = (
				0F5C32CD2413FC11009FEFC2 /* LaunchScreen.storyboard in Resources */,
				0F5C32CA2413FC11009FEFC2 /* Assets.xcassets in Resources */,
				0F5C32C82413FC10009FEFC2 /* Main.storyboard in Resources */,
			);
			runOnlyForDeploymentPostprocessing = 0;
		};
/* End PBXResourcesBuildPhase section */

/* Begin PBXSourcesBuildPhase section */
		0F5C32B92413FC10009FEFC2 /* Sources */ = {
			isa = PBXSourcesBuildPhase;
			buildActionMask = 2147483647;
			files = (
				0FDFD9A42416CF3E00C23172 /* cityInfo.swift in Sources */,
				0F5C32C52413FC10009FEFC2 /* ViewController.swift in Sources */,
				0F5C32D7241406D0009FEFC2 /* TemperatureDataController.swift in Sources */,
				0F5C32C12413FC10009FEFC2 /* AppDelegate.swift in Sources */,
				0F5C32D524140603009FEFC2 /* Temperature.swift in Sources */,
				0F5C32C32413FC10009FEFC2 /* SceneDelegate.swift in Sources */,
			);
			runOnlyForDeploymentPostprocessing = 0;
		};
/* End PBXSourcesBuildPhase section */

/* Begin PBXVariantGroup section */
		0F5C32C62413FC10009FEFC2 /* Main.storyboard */ = {
			isa = PBXVariantGroup;
			children = (
				0F5C32C72413FC10009FEFC2 /* Base */,
			);
			name = Main.storyboard;
			sourceTree = "<group>";
		};
		0F5C32CB2413FC11009FEFC2 /* LaunchScreen.storyboard */ = {
			isa = PBXVariantGroup;
			children = (
				0F5C32CC2413FC11009FEFC2 /* Base */,
			);
			name = LaunchScreen.storyboard;
			sourceTree = "<group>";
		};
/* End PBXVariantGroup section */

/* Begin XCBuildConfiguration section */
		0F5C32CF2413FC11009FEFC2 /* Debug */ = {
			isa = XCBuildConfiguration;
			buildSettings = {
				ALWAYS_SEARCH_USER_PATHS = NO;
				CLANG_ANALYZER_NONNULL = YES;
				CLANG_ANALYZER_NUMBER_OBJECT_CONVERSION = YES_AGGRESSIVE;
				CLANG_CXX_LANGUAGE_STANDARD = "gnu++14";
				CLANG_CXX_LIBRARY = "libc++";
				CLANG_ENABLE_MODULES = YES;
				CLANG_ENABLE_OBJC_ARC = YES;
				CLANG_ENABLE_OBJC_WEAK = YES;
				CLANG_WARN_BLOCK_CAPTURE_AUTORELEASING = YES;
				CLANG_WARN_BOOL_CONVERSION = YES;
				CLANG_WARN_COMMA = YES;
				CLANG_WARN_CONSTANT_CONVERSION = YES;
				CLANG_WARN_DEPRECATED_OBJC_IMPLEMENTATIONS = YES;
				CLANG_WARN_DIRECT_OBJC_ISA_USAGE = YES_ERROR;
				CLANG_WARN_DOCUMENTATION_COMMENTS = YES;
				CLANG_WARN_EMPTY_BODY = YES;
				CLANG_WARN_ENUM_CONVERSION = YES;
				CLANG_WARN_INFINITE_RECURSION = YES;
				CLANG_WARN_INT_CONVERSION = YES;
				CLANG_WARN_NON_LITERAL_NULL_CONVERSION = YES;
				CLANG_WARN_OBJC_IMPLICIT_RETAIN_SELF = YES;
				CLANG_WARN_OBJC_LITERAL_CONVERSION = YES;
				CLANG_WARN_OBJC_ROOT_CLASS = YES_ERROR;
				CLANG_WARN_RANGE_LOOP_ANALYSIS = YES;
				CLANG_WARN_STRICT_PROTOTYPES = YES;
				CLANG_WARN_SUSPICIOUS_MOVE = YES;
				CLANG_WARN_UNGUARDED_AVAILABILITY = YES_AGGRESSIVE;
				CLANG_WARN_UNREACHABLE_CODE = YES;
				CLANG_WARN__DUPLICATE_METHOD_MATCH = YES;
				COPY_PHASE_STRIP = NO;
				DEBUG_INFORMATION_FORMAT = dwarf;
				ENABLE_STRICT_OBJC_MSGSEND = YES;
				ENABLE_TESTABILITY = YES;
				GCC_C_LANGUAGE_STANDARD = gnu11;
				GCC_DYNAMIC_NO_PIC = NO;
				GCC_NO_COMMON_BLOCKS = YES;
				GCC_OPTIMIZATION_LEVEL = 0;
				GCC_PREPROCESSOR_DEFINITIONS = (
					"DEBUG=1",
					"$(inherited)",
				);
				GCC_WARN_64_TO_32_BIT_CONVERSION = YES;
				GCC_WARN_ABOUT_RETURN_TYPE = YES_ERROR;
				GCC_WARN_UNDECLARED_SELECTOR = YES;
				GCC_WARN_UNINITIALIZED_AUTOS = YES_AGGRESSIVE;
				GCC_WARN_UNUSED_FUNCTION = YES;
				GCC_WARN_UNUSED_VARIABLE = YES;
				IPHONEOS_DEPLOYMENT_TARGET = 13.2;
				MTL_ENABLE_DEBUG_INFO = INCLUDE_SOURCE;
				MTL_FAST_MATH = YES;
				ONLY_ACTIVE_ARCH = YES;
				SDKROOT = iphoneos;
				SWIFT_ACTIVE_COMPILATION_CONDITIONS = DEBUG;
				SWIFT_OPTIMIZATION_LEVEL = "-Onone";
			};
			name = Debug;
		};
		0F5C32D02413FC11009FEFC2 /* Release */ = {
			isa = XCBuildConfiguration;
			buildSettings = {
				ALWAYS_SEARCH_USER_PATHS = NO;
				CLANG_ANALYZER_NONNULL = YES;
				CLANG_ANALYZER_NUMBER_OBJECT_CONVERSION = YES_AGGRESSIVE;
				CLANG_CXX_LANGUAGE_STANDARD = "gnu++14";
				CLANG_CXX_LIBRARY = "libc++";
				CLANG_ENABLE_MODULES = YES;
				CLANG_ENABLE_OBJC_ARC = YES;
				CLANG_ENABLE_OBJC_WEAK = YES;
				CLANG_WARN_BLOCK_CAPTURE_AUTORELEASING = YES;
				CLANG_WARN_BOOL_CONVERSION = YES;
				CLANG_WARN_COMMA = YES;
				CLANG_WARN_CONSTANT_CONVERSION = YES;
				CLANG_WARN_DEPRECATED_OBJC_IMPLEMENTATIONS = YES;
				CLANG_WARN_DIRECT_OBJC_ISA_USAGE = YES_ERROR;
				CLANG_WARN_DOCUMENTATION_COMMENTS = YES;
				CLANG_WARN_EMPTY_BODY = YES;
				CLANG_WARN_ENUM_CONVERSION = YES;
				CLANG_WARN_INFINITE_RECURSION = YES;
				CLANG_WARN_INT_CONVERSION = YES;
				CLANG_WARN_NON_LITERAL_NULL_CONVERSION = YES;
				CLANG_WARN_OBJC_IMPLICIT_RETAIN_SELF = YES;
				CLANG_WARN_OBJC_LITERAL_CONVERSION = YES;
				CLANG_WARN_OBJC_ROOT_CLASS = YES_ERROR;
				CLANG_WARN_RANGE_LOOP_ANALYSIS = YES;
				CLANG_WARN_STRICT_PROTOTYPES = YES;
				CLANG_WARN_SUSPICIOUS_MOVE = YES;
				CLANG_WARN_UNGUARDED_AVAILABILITY = YES_AGGRESSIVE;
				CLANG_WARN_UNREACHABLE_CODE = YES;
				CLANG_WARN__DUPLICATE_METHOD_MATCH = YES;
				COPY_PHASE_STRIP = NO;
				DEBUG_INFORMATION_FORMAT = "dwarf-with-dsym";
				ENABLE_NS_ASSERTIONS = NO;
				ENABLE_STRICT_OBJC_MSGSEND = YES;
				GCC_C_LANGUAGE_STANDARD = gnu11;
				GCC_NO_COMMON_BLOCKS = YES;
				GCC_WARN_64_TO_32_BIT_CONVERSION = YES;
				GCC_WARN_ABOUT_RETURN_TYPE = YES_ERROR;
				GCC_WARN_UNDECLARED_SELECTOR = YES;
				GCC_WARN_UNINITIALIZED_AUTOS = YES_AGGRESSIVE;
				GCC_WARN_UNUSED_FUNCTION = YES;
				GCC_WARN_UNUSED_VARIABLE = YES;
				IPHONEOS_DEPLOYMENT_TARGET = 13.2;
				MTL_ENABLE_DEBUG_INFO = NO;
				MTL_FAST_MATH = YES;
				SDKROOT = iphoneos;
				SWIFT_COMPILATION_MODE = wholemodule;
				SWIFT_OPTIMIZATION_LEVEL = "-O";
				VALIDATE_PRODUCT = YES;
			};
			name = Release;
		};
		0F5C32D22413FC11009FEFC2 /* Debug */ = {
			isa = XCBuildConfiguration;
			buildSettings = {
				ASSETCATALOG_COMPILER_APPICON_NAME = AppIcon;
				CODE_SIGN_STYLE = Automatic;
				DEVELOPMENT_TEAM = XY3K89QSRG;
				INFOPLIST_FILE = "Twin Cities/Info.plist";
				LD_RUNPATH_SEARCH_PATHS = (
					"$(inherited)",
					"@executable_path/Frameworks",
				);
				PRODUCT_BUNDLE_IDENTIFIER = "CU-Boulder.Twin-Cities";
				PRODUCT_NAME = "$(TARGET_NAME)";
				SWIFT_VERSION = 5.0;
				TARGETED_DEVICE_FAMILY = "1,2";
			};
			name = Debug;
		};
		0F5C32D32413FC11009FEFC2 /* Release */ = {
			isa = XCBuildConfiguration;
			buildSettings = {
				ASSETCATALOG_COMPILER_APPICON_NAME = AppIcon;
				CODE_SIGN_STYLE = Automatic;
				DEVELOPMENT_TEAM = XY3K89QSRG;
				INFOPLIST_FILE = "Twin Cities/Info.plist";
				LD_RUNPATH_SEARCH_PATHS = (
					"$(inherited)",
					"@executable_path/Frameworks",
				);
				PRODUCT_BUNDLE_IDENTIFIER = "CU-Boulder.Twin-Cities";
				PRODUCT_NAME = "$(TARGET_NAME)";
				SWIFT_VERSION = 5.0;
				TARGETED_DEVICE_FAMILY = "1,2";
			};
			name = Release;
		};
/* End XCBuildConfiguration section */

/* Begin XCConfigurationList section */
		0F5C32B82413FC10009FEFC2 /* Build configuration list for PBXProject "Twin Cities" */ = {
			isa = XCConfigurationList;
			buildConfigurations = (
				0F5C32CF2413FC11009FEFC2 /* Debug */,
				0F5C32D02413FC11009FEFC2 /* Release */,
			);
			defaultConfigurationIsVisible = 0;
			defaultConfigurationName = Release;
		};
		0F5C32D12413FC11009FEFC2 /* Build configuration list for PBXNativeTarget "Twin Cities" */ = {
			isa = XCConfigurationList;
			buildConfigurations = (
				0F5C32D22413FC11009FEFC2 /* Debug */,
				0F5C32D32413FC11009FEFC2 /* Release */,
			);
			defaultConfigurationIsVisible = 0;
			defaultConfigurationName = Release;
		};
/* End XCConfigurationList section */
	};
	rootObject = 0F5C32B52413FC10009FEFC2 /* Project object */;
}
